
Microsoft Visual Studio Solution File, Format Version 12.00
# Visual Studio 15
VisualStudioVersion = 15.0.26228.9
MinimumVisualStudioVersion = 10.0.40219.1
Project("{FAE04EC0-301F-11D3-BF4B-00C04F79EFBC}") = "Felix.Web", "Felix.Web\Felix.Web.csproj", "{301A833D-C2F6-4B95-941D-B6B9B11FA9ED}"
EndProject
Project("{FAE04EC0-301F-11D3-BF4B-00C04F79EFBC}") = "Felix.Models", "Felix.Models\Felix.Models.csproj", "{475C8E12-8D98-4DCA-8C3E-AAC46CA82AB4}"
EndProject
Project("{FAE04EC0-301F-11D3-BF4B-00C04F79EFBC}") = "Felix.Data", "Felix.Data\Felix.Data.csproj", "{0901EEB0-BA77-408D-81CD-F6DC9823BCFA}"
EndProject
Project("{FAE04EC0-301F-11D3-BF4B-00C04F79EFBC}") = "Felix.Services", "Fliex.Services\Felix.Services.csproj", "{F9BC4E5B-7864-47DE-B766-DF6880E1FAFD}"
EndProject
Global
	GlobalSection(SolutionConfigurationPlatforms) = preSolution
		Debug|Any CPU = Debug|Any CPU
		Release|Any CPU = Release|Any CPU
	EndGlobalSection
	GlobalSection(ProjectConfigurationPlatforms) = postSolution
		{301A833D-C2F6-4B95-941D-B6B9B11FA9ED}.Debug|Any CPU.ActiveCfg = Debug|Any CPU
		{301A833D-C2F6-4B95-941D-B6B9B11FA9ED}.Debug|Any CPU.Build.0 = Debug|Any CPU
		{301A833D-C2F6-4B95-941D-B6B9B11FA9ED}.Release|Any CPU.ActiveCfg = Release|Any CPU
		{301A833D-C2F6-4B95-941D-B6B9B11FA9ED}.Release|Any CPU.Build.0 = Release|Any CPU
		{475C8E12-8D98-4DCA-8C3E-AAC46CA82AB4}.Debug|Any CPU.ActiveCfg = Debug|Any CPU
		{475C8E12-8D98-4DCA-8C3E-AAC46CA82AB4}.Debug|Any CPU.Build.0 = Debug|Any CPU
		{475C8E12-8D98-4DCA-8C3E-AAC46CA82AB4}.Release|Any CPU.ActiveCfg = Release|Any CPU
		{475C8E12-8D98-4DCA-8C3E-AAC46CA82AB4}.Release|Any CPU.Build.0 = Release|Any CPU
		{0901EEB0-BA77-408D-81CD-F6DC9823BCFA}.Debug|Any CPU.ActiveCfg = Debug|Any CPU
		{0901EEB0-BA77-408D-81CD-F6DC9823BCFA}.Debug|Any CPU.Build.0 = Debug|Any CPU
		{0901EEB0-BA77-408D-81CD-F6DC9823BCFA}.Release|Any CPU.ActiveCfg = Release|Any CPU
		{0901EEB0-BA77-408D-81CD-F6DC9823BCFA}.Release|Any CPU.Build.0 = Release|Any CPU
		{F9BC4E5B-7864-47DE-B766-DF6880E1FAFD}.Debug|Any CPU.ActiveCfg = Debug|Any CPU
		{F9BC4E5B-7864-47DE-B766-DF6880E1FAFD}.Debug|Any CPU.Build.0 = Debug|Any CPU
		{F9BC4E5B-7864-47DE-B766-DF6880E1FAFD}.Release|Any CPU.ActiveCfg = Release|Any CPU
		{F9BC4E5B-7864-47DE-B766-DF6880E1FAFD}.Release|Any CPU.Build.0 = Release|Any CPU
	EndGlobalSection
	GlobalSection(SolutionProperties) = preSolution
		HideSolutionNode = FALSE
	EndGlobalSection
EndGlobal
